// !$*UTF8*$!
{
	archiveVersion = 1;
	classes = {
	};
	objectVersion = 56;
	objects = {

/* Begin PBXBuildFile section */
		F811F62F2A34F1660064A463 /* BadgeBackground.swift in Sources */ = {isa = PBXBuildFile; fileRef = F811F62E2A34F1660064A463 /* BadgeBackground.swift */; };
		F811F6312A34F22F0064A463 /* RotatedBadgeSymbol.swift in Sources */ = {isa = PBXBuildFile; fileRef = F811F6302A34F22F0064A463 /* RotatedBadgeSymbol.swift */; };
		F811F6332A34F2B40064A463 /* Badge.swift in Sources */ = {isa = PBXBuildFile; fileRef = F811F6322A34F2B40064A463 /* Badge.swift */; };
		F811F6362A34FAA10064A463 /* hikeData.json in Resources */ = {isa = PBXBuildFile; fileRef = F811F6352A34FAA10064A463 /* hikeData.json */; };
		F811F6382A34FAC60064A463 /* Hike.swift in Sources */ = {isa = PBXBuildFile; fileRef = F811F6372A34FAC60064A463 /* Hike.swift */; };
		F811F63E2A34FB860064A463 /* GraphCapsule.swift in Sources */ = {isa = PBXBuildFile; fileRef = F811F63A2A34FB860064A463 /* GraphCapsule.swift */; };
		F811F63F2A34FB860064A463 /* HikeGraph.swift in Sources */ = {isa = PBXBuildFile; fileRef = F811F63B2A34FB860064A463 /* HikeGraph.swift */; };
		F811F6402A34FB860064A463 /* HikeDetail.swift in Sources */ = {isa = PBXBuildFile; fileRef = F811F63C2A34FB860064A463 /* HikeDetail.swift */; };
		F811F6412A34FB860064A463 /* HikeView.swift in Sources */ = {isa = PBXBuildFile; fileRef = F811F63D2A34FB860064A463 /* HikeView.swift */; };
		F811F6442A350A6A0064A463 /* CategoryHome.swift in Sources */ = {isa = PBXBuildFile; fileRef = F811F6432A350A6A0064A463 /* CategoryHome.swift */; };
		F811F6462A3564700064A463 /* CategoryRow.swift in Sources */ = {isa = PBXBuildFile; fileRef = F811F6452A3564700064A463 /* CategoryRow.swift */; };
		F811F6482A3566030064A463 /* CategoryItem.swift in Sources */ = {isa = PBXBuildFile; fileRef = F811F6472A3566030064A463 /* CategoryItem.swift */; };
		F811F64A2A356D3F0064A463 /* Profile.swift in Sources */ = {isa = PBXBuildFile; fileRef = F811F6492A356D3F0064A463 /* Profile.swift */; };
		F811F64D2A356DEB0064A463 /* ProfileHost.swift in Sources */ = {isa = PBXBuildFile; fileRef = F811F64C2A356DEB0064A463 /* ProfileHost.swift */; };
		F811F64F2A356E280064A463 /* ProfileSummary.swift in Sources */ = {isa = PBXBuildFile; fileRef = F811F64E2A356E280064A463 /* ProfileSummary.swift */; };
		F811F6512A356F1D0064A463 /* HikeBadge.swift in Sources */ = {isa = PBXBuildFile; fileRef = F811F6502A356F1D0064A463 /* HikeBadge.swift */; };
		F811F6532A3574760064A463 /* ProfileEditor.swift in Sources */ = {isa = PBXBuildFile; fileRef = F811F6522A3574760064A463 /* ProfileEditor.swift */; };
		F8CB36672A32494A00DEF77D /* LandmarksApp.swift in Sources */ = {isa = PBXBuildFile; fileRef = F8CB36662A32494A00DEF77D /* LandmarksApp.swift */; };
		F8CB36692A32494A00DEF77D /* ContentView.swift in Sources */ = {isa = PBXBuildFile; fileRef = F8CB36682A32494A00DEF77D /* ContentView.swift */; };
		F8CB366B2A32494C00DEF77D /* Assets.xcassets in Resources */ = {isa = PBXBuildFile; fileRef = F8CB366A2A32494C00DEF77D /* Assets.xcassets */; };
		F8CB366E2A32494C00DEF77D /* Preview Assets.xcassets in Resources */ = {isa = PBXBuildFile; fileRef = F8CB366D2A32494C00DEF77D /* Preview Assets.xcassets */; };
		F8CB36752A3255C800DEF77D /* CircleImage.swift in Sources */ = {isa = PBXBuildFile; fileRef = F8CB36742A3255C800DEF77D /* CircleImage.swift */; };
		F8CB36772A3260F800DEF77D /* MapView.swift in Sources */ = {isa = PBXBuildFile; fileRef = F8CB36762A3260F800DEF77D /* MapView.swift */; };
		F8CB36792A3482A000DEF77D /* landmarkData.json in Resources */ = {isa = PBXBuildFile; fileRef = F8CB36782A3482A000DEF77D /* landmarkData.json */; };
		F8CB367B2A3482CC00DEF77D /* Landmark.swift in Sources */ = {isa = PBXBuildFile; fileRef = F8CB367A2A3482CC00DEF77D /* Landmark.swift */; };
		F8CB367D2A34840500DEF77D /* ModelData.swift in Sources */ = {isa = PBXBuildFile; fileRef = F8CB367C2A34840500DEF77D /* ModelData.swift */; };
		F8CB36822A3485F400DEF77D /* LandmarkRow.swift in Sources */ = {isa = PBXBuildFile; fileRef = F8CB36812A3485F400DEF77D /* LandmarkRow.swift */; };
		F8CB36842A34886300DEF77D /* LandmarkList.swift in Sources */ = {isa = PBXBuildFile; fileRef = F8CB36832A34886300DEF77D /* LandmarkList.swift */; };
		F8CB36862A348A6900DEF77D /* LandmarkDetail.swift in Sources */ = {isa = PBXBuildFile; fileRef = F8CB36852A348A6900DEF77D /* LandmarkDetail.swift */; };
		F8CB36882A349F5000DEF77D /* FavoriteButton.swift in Sources */ = {isa = PBXBuildFile; fileRef = F8CB36872A349F5000DEF77D /* FavoriteButton.swift */; };
		F8CB368C2A34DB2700DEF77D /* HexagonParameters.swift in Sources */ = {isa = PBXBuildFile; fileRef = F8CB368B2A34DB2700DEF77D /* HexagonParameters.swift */; };
		F8CB36902A34EEEF00DEF77D /* BadgeSymbol.swift in Sources */ = {isa = PBXBuildFile; fileRef = F8CB368F2A34EEEF00DEF77D /* BadgeSymbol.swift */; };
		F8EB822C2A36378F000EA000 /* PageViewController.swift in Sources */ = {isa = PBXBuildFile; fileRef = F8EB822B2A36378F000EA000 /* PageViewController.swift */; };
		F8EB822E2A36390A000EA000 /* FeatureCard.swift in Sources */ = {isa = PBXBuildFile; fileRef = F8EB822D2A36390A000EA000 /* FeatureCard.swift */; };
		F8EB82302A3639ED000EA000 /* PageView.swift in Sources */ = {isa = PBXBuildFile; fileRef = F8EB822F2A3639ED000EA000 /* PageView.swift */; };
		F8EB82322A3658C9000EA000 /* PageControl.swift in Sources */ = {isa = PBXBuildFile; fileRef = F8EB82312A3658C9000EA000 /* PageControl.swift */; };
/* End PBXBuildFile section */

/* Begin PBXFileReference section */
		F811F62E2A34F1660064A463 /* BadgeBackground.swift */ = {isa = PBXFileReference; lastKnownFileType = sourcecode.swift; path = BadgeBackground.swift; sourceTree = "<group>"; };
		F811F6302A34F22F0064A463 /* RotatedBadgeSymbol.swift */ = {isa = PBXFileReference; lastKnownFileType = sourcecode.swift; path = RotatedBadgeSymbol.swift; sourceTree = "<group>"; };
		F811F6322A34F2B40064A463 /* Badge.swift */ = {isa = PBXFileReference; lastKnownFileType = sourcecode.swift; path = Badge.swift; sourceTree = "<group>"; };
		F811F6352A34FAA10064A463 /* hikeData.json */ = {isa = PBXFileReference; fileEncoding = 4; lastKnownFileType = text.json; path = hikeData.json; sourceTree = "<group>"; };
		F811F6372A34FAC60064A463 /* Hike.swift */ = {isa = PBXFileReference; lastKnownFileType = sourcecode.swift; path = Hike.swift; sourceTree = "<group>"; };
		F811F63A2A34FB860064A463 /* GraphCapsule.swift */ = {isa = PBXFileReference; fileEncoding = 4; lastKnownFileType = sourcecode.swift; path = GraphCapsule.swift; sourceTree = "<group>"; };
		F811F63B2A34FB860064A463 /* HikeGraph.swift */ = {isa = PBXFileReference; fileEncoding = 4; lastKnownFileType = sourcecode.swift; path = HikeGraph.swift; sourceTree = "<group>"; };
		F811F63C2A34FB860064A463 /* HikeDetail.swift */ = {isa = PBXFileReference; fileEncoding = 4; lastKnownFileType = sourcecode.swift; path = HikeDetail.swift; sourceTree = "<group>"; };
		F811F63D2A34FB860064A463 /* HikeView.swift */ = {isa = PBXFileReference; fileEncoding = 4; lastKnownFileType = sourcecode.swift; path = HikeView.swift; sourceTree = "<group>"; };
		F811F6432A350A6A0064A463 /* CategoryHome.swift */ = {isa = PBXFileReference; lastKnownFileType = sourcecode.swift; path = CategoryHome.swift; sourceTree = "<group>"; };
		F811F6452A3564700064A463 /* CategoryRow.swift */ = {isa = PBXFileReference; lastKnownFileType = sourcecode.swift; path = CategoryRow.swift; sourceTree = "<group>"; };
		F811F6472A3566030064A463 /* CategoryItem.swift */ = {isa = PBXFileReference; lastKnownFileType = sourcecode.swift; path = CategoryItem.swift; sourceTree = "<group>"; };
		F811F6492A356D3F0064A463 /* Profile.swift */ = {isa = PBXFileReference; lastKnownFileType = sourcecode.swift; path = Profile.swift; sourceTree = "<group>"; };
		F811F64C2A356DEB0064A463 /* ProfileHost.swift */ = {isa = PBXFileReference; lastKnownFileType = sourcecode.swift; path = ProfileHost.swift; sourceTree = "<group>"; };
		F811F64E2A356E280064A463 /* ProfileSummary.swift */ = {isa = PBXFileReference; lastKnownFileType = sourcecode.swift; path = ProfileSummary.swift; sourceTree = "<group>"; };
		F811F6502A356F1D0064A463 /* HikeBadge.swift */ = {isa = PBXFileReference; lastKnownFileType = sourcecode.swift; path = HikeBadge.swift; sourceTree = "<group>"; };
		F811F6522A3574760064A463 /* ProfileEditor.swift */ = {isa = PBXFileReference; lastKnownFileType = sourcecode.swift; path = ProfileEditor.swift; sourceTree = "<group>"; };
		F8CB36632A32494A00DEF77D /* Landmarks.app */ = {isa = PBXFileReference; explicitFileType = wrapper.application; includeInIndex = 0; path = Landmarks.app; sourceTree = BUILT_PRODUCTS_DIR; };
		F8CB36662A32494A00DEF77D /* LandmarksApp.swift */ = {isa = PBXFileReference; lastKnownFileType = sourcecode.swift; path = LandmarksApp.swift; sourceTree = "<group>"; };
		F8CB36682A32494A00DEF77D /* ContentView.swift */ = {isa = PBXFileReference; lastKnownFileType = sourcecode.swift; path = ContentView.swift; sourceTree = "<group>"; };
		F8CB366A2A32494C00DEF77D /* Assets.xcassets */ = {isa = PBXFileReference; lastKnownFileType = folder.assetcatalog; path = Assets.xcassets; sourceTree = "<group>"; };
		F8CB366D2A32494C00DEF77D /* Preview Assets.xcassets */ = {isa = PBXFileReference; lastKnownFileType = folder.assetcatalog; path = "Preview Assets.xcassets"; sourceTree = "<group>"; };
		F8CB36742A3255C800DEF77D /* CircleImage.swift */ = {isa = PBXFileReference; lastKnownFileType = sourcecode.swift; path = CircleImage.swift; sourceTree = "<group>"; };
		F8CB36762A3260F800DEF77D /* MapView.swift */ = {isa = PBXFileReference; lastKnownFileType = sourcecode.swift; path = MapView.swift; sourceTree = "<group>"; };
		F8CB36782A3482A000DEF77D /* landmarkData.json */ = {isa = PBXFileReference; fileEncoding = 4; lastKnownFileType = text.json; path = landmarkData.json; sourceTree = "<group>"; };
		F8CB367A2A3482CC00DEF77D /* Landmark.swift */ = {isa = PBXFileReference; lastKnownFileType = sourcecode.swift; path = Landmark.swift; sourceTree = "<group>"; };
		F8CB367C2A34840500DEF77D /* ModelData.swift */ = {isa = PBXFileReference; lastKnownFileType = sourcecode.swift; path = ModelData.swift; sourceTree = "<group>"; };
		F8CB36812A3485F400DEF77D /* LandmarkRow.swift */ = {isa = PBXFileReference; lastKnownFileType = sourcecode.swift; path = LandmarkRow.swift; sourceTree = "<group>"; };
		F8CB36832A34886300DEF77D /* LandmarkList.swift */ = {isa = PBXFileReference; lastKnownFileType = sourcecode.swift; path = LandmarkList.swift; sourceTree = "<group>"; };
		F8CB36852A348A6900DEF77D /* LandmarkDetail.swift */ = {isa = PBXFileReference; lastKnownFileType = sourcecode.swift; path = LandmarkDetail.swift; sourceTree = "<group>"; };
		F8CB36872A349F5000DEF77D /* FavoriteButton.swift */ = {isa = PBXFileReference; lastKnownFileType = sourcecode.swift; path = FavoriteButton.swift; sourceTree = "<group>"; };
		F8CB368B2A34DB2700DEF77D /* HexagonParameters.swift */ = {isa = PBXFileReference; lastKnownFileType = sourcecode.swift; path = HexagonParameters.swift; sourceTree = "<group>"; };
		F8CB368F2A34EEEF00DEF77D /* BadgeSymbol.swift */ = {isa = PBXFileReference; lastKnownFileType = sourcecode.swift; path = BadgeSymbol.swift; sourceTree = "<group>"; };
		F8EB822B2A36378F000EA000 /* PageViewController.swift */ = {isa = PBXFileReference; lastKnownFileType = sourcecode.swift; path = PageViewController.swift; sourceTree = "<group>"; };
		F8EB822D2A36390A000EA000 /* FeatureCard.swift */ = {isa = PBXFileReference; lastKnownFileType = sourcecode.swift; path = FeatureCard.swift; sourceTree = "<group>"; };
		F8EB822F2A3639ED000EA000 /* PageView.swift */ = {isa = PBXFileReference; lastKnownFileType = sourcecode.swift; path = PageView.swift; sourceTree = "<group>"; };
		F8EB82312A3658C9000EA000 /* PageControl.swift */ = {isa = PBXFileReference; lastKnownFileType = sourcecode.swift; path = PageControl.swift; sourceTree = "<group>"; };
/* End PBXFileReference section */

/* Begin PBXFrameworksBuildPhase section */
		F8CB36602A32494A00DEF77D /* Frameworks */ = {
			isa = PBXFrameworksBuildPhase;
			buildActionMask = 2147483647;
			files = (
			);
			runOnlyForDeploymentPostprocessing = 0;
		};
/* End PBXFrameworksBuildPhase section */

/* Begin PBXGroup section */
		F811F6342A34F3F00064A463 /* Badges */ = {
			isa = PBXGroup;
			children = (
				F8CB368B2A34DB2700DEF77D /* HexagonParameters.swift */,
				F8CB368F2A34EEEF00DEF77D /* BadgeSymbol.swift */,
				F811F62E2A34F1660064A463 /* BadgeBackground.swift */,
				F811F6302A34F22F0064A463 /* RotatedBadgeSymbol.swift */,
				F811F6322A34F2B40064A463 /* Badge.swift */,
			);
			path = Badges;
			sourceTree = "<group>";
		};
		F811F6392A34FB860064A463 /* Hikes */ = {
			isa = PBXGroup;
			children = (
				F811F63A2A34FB860064A463 /* GraphCapsule.swift */,
				F811F63B2A34FB860064A463 /* HikeGraph.swift */,
				F811F63C2A34FB860064A463 /* HikeDetail.swift */,
				F811F63D2A34FB860064A463 /* HikeView.swift */,
				F811F6502A356F1D0064A463 /* HikeBadge.swift */,
			);
			path = Hikes;
			sourceTree = "<group>";
		};
		F811F6422A350A1F0064A463 /* Categories */ = {
			isa = PBXGroup;
			children = (
				F811F6432A350A6A0064A463 /* CategoryHome.swift */,
				F811F6452A3564700064A463 /* CategoryRow.swift */,
				F811F6472A3566030064A463 /* CategoryItem.swift */,
			);
			path = Categories;
			sourceTree = "<group>";
		};
		F811F64B2A356DD40064A463 /* Profiles */ = {
			isa = PBXGroup;
			children = (
				F811F64C2A356DEB0064A463 /* ProfileHost.swift */,
				F811F64E2A356E280064A463 /* ProfileSummary.swift */,
				F811F6522A3574760064A463 /* ProfileEditor.swift */,
			);
			path = Profiles;
			sourceTree = "<group>";
		};
		F8CB365A2A32494A00DEF77D = {
			isa = PBXGroup;
			children = (
				F8CB36652A32494A00DEF77D /* Landmarks */,
				F8CB36642A32494A00DEF77D /* Products */,
			);
			sourceTree = "<group>";
		};
		F8CB36642A32494A00DEF77D /* Products */ = {
			isa = PBXGroup;
			children = (
				F8CB36632A32494A00DEF77D /* Landmarks.app */,
			);
			name = Products;
			sourceTree = "<group>";
		};
		F8CB36652A32494A00DEF77D /* Landmarks */ = {
			isa = PBXGroup;
			children = (
				F8CB36662A32494A00DEF77D /* LandmarksApp.swift */,
				F8CB366A2A32494C00DEF77D /* Assets.xcassets */,
				F8CB367E2A34856400DEF77D /* Views */,
				F8CB36802A34858200DEF77D /* Model */,
				F8CB367F2A34857400DEF77D /* Resources */,
				F8CB366C2A32494C00DEF77D /* Preview Content */,
			);
			path = Landmarks;
			sourceTree = "<group>";
		};
		F8CB366C2A32494C00DEF77D /* Preview Content */ = {
			isa = PBXGroup;
			children = (
				F8CB366D2A32494C00DEF77D /* Preview Assets.xcassets */,
			);
			path = "Preview Content";
			sourceTree = "<group>";
		};
		F8CB367E2A34856400DEF77D /* Views */ = {
			isa = PBXGroup;
			children = (
				F8CB36682A32494A00DEF77D /* ContentView.swift */,
				F8EB822A2A36377A000EA000 /* PageView */,
				F811F64B2A356DD40064A463 /* Profiles */,
				F811F6422A350A1F0064A463 /* Categories */,
				F8CB368A2A34A00B00DEF77D /* Helpers */,
				F8CB36892A349FF700DEF77D /* Landmarks */,
				F811F6342A34F3F00064A463 /* Badges */,
				F811F6392A34FB860064A463 /* Hikes */,
			);
			path = Views;
			sourceTree = "<group>";
		};
		F8CB367F2A34857400DEF77D /* Resources */ = {
			isa = PBXGroup;
			children = (
				F811F6352A34FAA10064A463 /* hikeData.json */,
				F8CB36782A3482A000DEF77D /* landmarkData.json */,
			);
			path = Resources;
			sourceTree = "<group>";
		};
		F8CB36802A34858200DEF77D /* Model */ = {
			isa = PBXGroup;
			children = (
				F8CB367A2A3482CC00DEF77D /* Landmark.swift */,
				F8CB367C2A34840500DEF77D /* ModelData.swift */,
				F811F6372A34FAC60064A463 /* Hike.swift */,
				F811F6492A356D3F0064A463 /* Profile.swift */,
			);
			path = Model;
			sourceTree = "<group>";
		};
		F8CB36892A349FF700DEF77D /* Landmarks */ = {
			isa = PBXGroup;
			children = (
				F8CB36812A3485F400DEF77D /* LandmarkRow.swift */,
				F8CB36832A34886300DEF77D /* LandmarkList.swift */,
				F8CB36852A348A6900DEF77D /* LandmarkDetail.swift */,
			);
			path = Landmarks;
			sourceTree = "<group>";
		};
		F8CB368A2A34A00B00DEF77D /* Helpers */ = {
			isa = PBXGroup;
			children = (
				F8CB36742A3255C800DEF77D /* CircleImage.swift */,
				F8CB36762A3260F800DEF77D /* MapView.swift */,
				F8CB36872A349F5000DEF77D /* FavoriteButton.swift */,
			);
			path = Helpers;
			sourceTree = "<group>";
		};
		F8EB822A2A36377A000EA000 /* PageView */ = {
			isa = PBXGroup;
			children = (
				F8EB822B2A36378F000EA000 /* PageViewController.swift */,
				F8EB82312A3658C9000EA000 /* PageControl.swift */,
				F8EB822D2A36390A000EA000 /* FeatureCard.swift */,
				F8EB822F2A3639ED000EA000 /* PageView.swift */,
			);
			path = PageView;
			sourceTree = "<group>";
		};
/* End PBXGroup section */

/* Begin PBXNativeTarget section */
		F8CB36622A32494A00DEF77D /* Landmarks */ = {
			isa = PBXNativeTarget;
			buildConfigurationList = F8CB36712A32494C00DEF77D /* Build configuration list for PBXNativeTarget "Landmarks" */;
			buildPhases = (
				F8CB365F2A32494A00DEF77D /* Sources */,
				F8CB36602A32494A00DEF77D /* Frameworks */,
				F8CB36612A32494A00DEF77D /* Resources */,
			);
			buildRules = (
			);
			dependencies = (
			);
			name = Landmarks;
			productName = Landmarks;
			productReference = F8CB36632A32494A00DEF77D /* Landmarks.app */;
			productType = "com.apple.product-type.application";
		};
/* End PBXNativeTarget section */

/* Begin PBXProject section */
		F8CB365B2A32494A00DEF77D /* Project object */ = {
			isa = PBXProject;
			attributes = {
				BuildIndependentTargetsInParallel = 1;
				LastSwiftUpdateCheck = 1410;
				LastUpgradeCheck = 1410;
				TargetAttributes = {
					F8CB36622A32494A00DEF77D = {
						CreatedOnToolsVersion = 14.1;
					};
				};
			};
			buildConfigurationList = F8CB365E2A32494A00DEF77D /* Build configuration list for PBXProject "Landmarks" */;
			compatibilityVersion = "Xcode 14.0";
			developmentRegion = en;
			hasScannedForEncodings = 0;
			knownRegions = (
				en,
				Base,
			);
			mainGroup = F8CB365A2A32494A00DEF77D;
			productRefGroup = F8CB36642A32494A00DEF77D /* Products */;
			projectDirPath = "";
			projectRoot = "";
			targets = (
				F8CB36622A32494A00DEF77D /* Landmarks */,
			);
		};
/* End PBXProject section */

/* Begin PBXResourcesBuildPhase section */
		F8CB36612A32494A00DEF77D /* Resources */ = {
			isa = PBXResourcesBuildPhase;
			buildActionMask = 2147483647;
			files = (
				F811F6362A34FAA10064A463 /* hikeData.json in Resources */,
				F8CB366E2A32494C00DEF77D /* Preview Assets.xcassets in Resources */,
				F8CB366B2A32494C00DEF77D /* Assets.xcassets in Resources */,
				F8CB36792A3482A000DEF77D /* landmarkData.json in Resources */,
			);
			runOnlyForDeploymentPostprocessing = 0;
		};
/* End PBXResourcesBuildPhase section */

/* Begin PBXSourcesBuildPhase section */
		F8CB365F2A32494A00DEF77D /* Sources */ = {
			isa = PBXSourcesBuildPhase;
			buildActionMask = 2147483647;
			files = (
				F811F6462A3564700064A463 /* CategoryRow.swift in Sources */,
				F811F64A2A356D3F0064A463 /* Profile.swift in Sources */,
				F8CB36692A32494A00DEF77D /* ContentView.swift in Sources */,
				F811F6442A350A6A0064A463 /* CategoryHome.swift in Sources */,
				F8EB822E2A36390A000EA000 /* FeatureCard.swift in Sources */,
				F811F63F2A34FB860064A463 /* HikeGraph.swift in Sources */,
				F811F6332A34F2B40064A463 /* Badge.swift in Sources */,
				F8CB367D2A34840500DEF77D /* ModelData.swift in Sources */,
				F811F63E2A34FB860064A463 /* GraphCapsule.swift in Sources */,
				F8CB36772A3260F800DEF77D /* MapView.swift in Sources */,
				F8EB82322A3658C9000EA000 /* PageControl.swift in Sources */,
				F8CB36882A349F5000DEF77D /* FavoriteButton.swift in Sources */,
				F811F6482A3566030064A463 /* CategoryItem.swift in Sources */,
				F811F6402A34FB860064A463 /* HikeDetail.swift in Sources */,
				F811F64F2A356E280064A463 /* ProfileSummary.swift in Sources */,
				F8CB36842A34886300DEF77D /* LandmarkList.swift in Sources */,
				F811F64D2A356DEB0064A463 /* ProfileHost.swift in Sources */,
				F811F6382A34FAC60064A463 /* Hike.swift in Sources */,
				F811F6312A34F22F0064A463 /* RotatedBadgeSymbol.swift in Sources */,
				F8EB82302A3639ED000EA000 /* PageView.swift in Sources */,
				F8CB36862A348A6900DEF77D /* LandmarkDetail.swift in Sources */,
				F811F6532A3574760064A463 /* ProfileEditor.swift in Sources */,
				F8CB36672A32494A00DEF77D /* LandmarksApp.swift in Sources */,
				F811F6412A34FB860064A463 /* HikeView.swift in Sources */,
				F8CB36902A34EEEF00DEF77D /* BadgeSymbol.swift in Sources */,
				F8EB822C2A36378F000EA000 /* PageViewController.swift in Sources */,
				F811F62F2A34F1660064A463 /* BadgeBackground.swift in Sources */,
				F811F6512A356F1D0064A463 /* HikeBadge.swift in Sources */,
				F8CB36752A3255C800DEF77D /* CircleImage.swift in Sources */,
				F8CB36822A3485F400DEF77D /* LandmarkRow.swift in Sources */,
				F8CB367B2A3482CC00DEF77D /* Landmark.swift in Sources */,
				F8CB368C2A34DB2700DEF77D /* HexagonParameters.swift in Sources */,
			);
			runOnlyForDeploymentPostprocessing = 0;
		};
/* End PBXSourcesBuildPhase section */

/* Begin XCBuildConfiguration section */
		F8CB366F2A32494C00DEF77D /* Debug */ = {
			isa = XCBuildConfiguration;
			buildSettings = {
				ALWAYS_SEARCH_USER_PATHS = NO;
				CLANG_ANALYZER_NONNULL = YES;
				CLANG_ANALYZER_NUMBER_OBJECT_CONVERSION = YES_AGGRESSIVE;
				CLANG_CXX_LANGUAGE_STANDARD = "gnu++20";
				CLANG_ENABLE_MODULES = YES;
				CLANG_ENABLE_OBJC_ARC = YES;
				CLANG_ENABLE_OBJC_WEAK = YES;
				CLANG_WARN_BLOCK_CAPTURE_AUTORELEASING = YES;
				CLANG_WARN_BOOL_CONVERSION = YES;
				CLANG_WARN_COMMA = YES;
				CLANG_WARN_CONSTANT_CONVERSION = YES;
				CLANG_WARN_DEPRECATED_OBJC_IMPLEMENTATIONS = YES;
				CLANG_WARN_DIRECT_OBJC_ISA_USAGE = YES_ERROR;
				CLANG_WARN_DOCUMENTATION_COMMENTS = YES;
				CLANG_WARN_EMPTY_BODY = YES;
				CLANG_WARN_ENUM_CONVERSION = YES;
				CLANG_WARN_INFINITE_RECURSION = YES;
				CLANG_WARN_INT_CONVERSION = YES;
				CLANG_WARN_NON_LITERAL_NULL_CONVERSION = YES;
				CLANG_WARN_OBJC_IMPLICIT_RETAIN_SELF = YES;
				CLANG_WARN_OBJC_LITERAL_CONVERSION = YES;
				CLANG_WARN_OBJC_ROOT_CLASS = YES_ERROR;
				CLANG_WARN_QUOTED_INCLUDE_IN_FRAMEWORK_HEADER = YES;
				CLANG_WARN_RANGE_LOOP_ANALYSIS = YES;
				CLANG_WARN_STRICT_PROTOTYPES = YES;
				CLANG_WARN_SUSPICIOUS_MOVE = YES;
				CLANG_WARN_UNGUARDED_AVAILABILITY = YES_AGGRESSIVE;
				CLANG_WARN_UNREACHABLE_CODE = YES;
				CLANG_WARN__DUPLICATE_METHOD_MATCH = YES;
				COPY_PHASE_STRIP = NO;
				DEBUG_INFORMATION_FORMAT = dwarf;
				ENABLE_STRICT_OBJC_MSGSEND = YES;
				ENABLE_TESTABILITY = YES;
				GCC_C_LANGUAGE_STANDARD = gnu11;
				GCC_DYNAMIC_NO_PIC = NO;
				GCC_NO_COMMON_BLOCKS = YES;
				GCC_OPTIMIZATION_LEVEL = 0;
				GCC_PREPROCESSOR_DEFINITIONS = (
					"DEBUG=1",
					"$(inherited)",
				);
				GCC_WARN_64_TO_32_BIT_CONVERSION = YES;
				GCC_WARN_ABOUT_RETURN_TYPE = YES_ERROR;
				GCC_WARN_UNDECLARED_SELECTOR = YES;
				GCC_WARN_UNINITIALIZED_AUTOS = YES_AGGRESSIVE;
				GCC_WARN_UNUSED_FUNCTION = YES;
				GCC_WARN_UNUSED_VARIABLE = YES;
				IPHONEOS_DEPLOYMENT_TARGET = 16.1;
				MTL_ENABLE_DEBUG_INFO = INCLUDE_SOURCE;
				MTL_FAST_MATH = YES;
				ONLY_ACTIVE_ARCH = YES;
				SDKROOT = iphoneos;
				SWIFT_ACTIVE_COMPILATION_CONDITIONS = DEBUG;
				SWIFT_OPTIMIZATION_LEVEL = "-Onone";
			};
			name = Debug;
		};
		F8CB36702A32494C00DEF77D /* Release */ = {
			isa = XCBuildConfiguration;
			buildSettings = {
				ALWAYS_SEARCH_USER_PATHS = NO;
				CLANG_ANALYZER_NONNULL = YES;
				CLANG_ANALYZER_NUMBER_OBJECT_CONVERSION = YES_AGGRESSIVE;
				CLANG_CXX_LANGUAGE_STANDARD = "gnu++20";
				CLANG_ENABLE_MODULES = YES;
				CLANG_ENABLE_OBJC_ARC = YES;
				CLANG_ENABLE_OBJC_WEAK = YES;
				CLANG_WARN_BLOCK_CAPTURE_AUTORELEASING = YES;
				CLANG_WARN_BOOL_CONVERSION = YES;
				CLANG_WARN_COMMA = YES;
				CLANG_WARN_CONSTANT_CONVERSION = YES;
				CLANG_WARN_DEPRECATED_OBJC_IMPLEMENTATIONS = YES;
				CLANG_WARN_DIRECT_OBJC_ISA_USAGE = YES_ERROR;
				CLANG_WARN_DOCUMENTATION_COMMENTS = YES;
				CLANG_WARN_EMPTY_BODY = YES;
				CLANG_WARN_ENUM_CONVERSION = YES;
				CLANG_WARN_INFINITE_RECURSION = YES;
				CLANG_WARN_INT_CONVERSION = YES;
				CLANG_WARN_NON_LITERAL_NULL_CONVERSION = YES;
				CLANG_WARN_OBJC_IMPLICIT_RETAIN_SELF = YES;
				CLANG_WARN_OBJC_LITERAL_CONVERSION = YES;
				CLANG_WARN_OBJC_ROOT_CLASS = YES_ERROR;
				CLANG_WARN_QUOTED_INCLUDE_IN_FRAMEWORK_HEADER = YES;
				CLANG_WARN_RANGE_LOOP_ANALYSIS = YES;
				CLANG_WARN_STRICT_PROTOTYPES = YES;
				CLANG_WARN_SUSPICIOUS_MOVE = YES;
				CLANG_WARN_UNGUARDED_AVAILABILITY = YES_AGGRESSIVE;
				CLANG_WARN_UNREACHABLE_CODE = YES;
				CLANG_WARN__DUPLICATE_METHOD_MATCH = YES;
				COPY_PHASE_STRIP = NO;
				DEBUG_INFORMATION_FORMAT = "dwarf-with-dsym";
				ENABLE_NS_ASSERTIONS = NO;
				ENABLE_STRICT_OBJC_MSGSEND = YES;
				GCC_C_LANGUAGE_STANDARD = gnu11;
				GCC_NO_COMMON_BLOCKS = YES;
				GCC_WARN_64_TO_32_BIT_CONVERSION = YES;
				GCC_WARN_ABOUT_RETURN_TYPE = YES_ERROR;
				GCC_WARN_UNDECLARED_SELECTOR = YES;
				GCC_WARN_UNINITIALIZED_AUTOS = YES_AGGRESSIVE;
				GCC_WARN_UNUSED_FUNCTION = YES;
				GCC_WARN_UNUSED_VARIABLE = YES;
				IPHONEOS_DEPLOYMENT_TARGET = 16.1;
				MTL_ENABLE_DEBUG_INFO = NO;
				MTL_FAST_MATH = YES;
				SDKROOT = iphoneos;
				SWIFT_COMPILATION_MODE = wholemodule;
				SWIFT_OPTIMIZATION_LEVEL = "-O";
				VALIDATE_PRODUCT = YES;
			};
			name = Release;
		};
		F8CB36722A32494C00DEF77D /* Debug */ = {
			isa = XCBuildConfiguration;
			buildSettings = {
				ASSETCATALOG_COMPILER_APPICON_NAME = AppIcon;
				ASSETCATALOG_COMPILER_GLOBAL_ACCENT_COLOR_NAME = AccentColor;
				CODE_SIGN_STYLE = Automatic;
				CURRENT_PROJECT_VERSION = 1;
				DEVELOPMENT_ASSET_PATHS = "\"Landmarks/Preview Content\"";
				DEVELOPMENT_TEAM = G6HATL4S2M;
				ENABLE_PREVIEWS = YES;
				GENERATE_INFOPLIST_FILE = YES;
				INFOPLIST_KEY_UIApplicationSceneManifest_Generation = YES;
				INFOPLIST_KEY_UIApplicationSupportsIndirectInputEvents = YES;
				INFOPLIST_KEY_UILaunchScreen_Generation = YES;
				INFOPLIST_KEY_UISupportedInterfaceOrientations_iPad = "UIInterfaceOrientationPortrait UIInterfaceOrientationPortraitUpsideDown UIInterfaceOrientationLandscapeLeft UIInterfaceOrientationLandscapeRight";
				INFOPLIST_KEY_UISupportedInterfaceOrientations_iPhone = "UIInterfaceOrientationPortrait UIInterfaceOrientationLandscapeLeft UIInterfaceOrientationLandscapeRight";
				LD_RUNPATH_SEARCH_PATHS = (
					"$(inherited)",
					"@executable_path/Frameworks",
				);
				MARKETING_VERSION = 1.0;
				PRODUCT_BUNDLE_IDENTIFIER = br.com.santander.empresa.Landmarks;
				PRODUCT_NAME = "$(TARGET_NAME)";
				SWIFT_EMIT_LOC_STRINGS = YES;
				SWIFT_VERSION = 5.0;
				TARGETED_DEVICE_FAMILY = "1,2";
			};
			name = Debug;
		};
		F8CB36732A32494C00DEF77D /* Release */ = {
			isa = XCBuildConfiguration;
			buildSettings = {
				ASSETCATALOG_COMPILER_APPICON_NAME = AppIcon;
				ASSETCATALOG_COMPILER_GLOBAL_ACCENT_COLOR_NAME = AccentColor;
				CODE_SIGN_STYLE = Automatic;
				CURRENT_PROJECT_VERSION = 1;
				DEVELOPMENT_ASSET_PATHS = "\"Landmarks/Preview Content\"";
				DEVELOPMENT_TEAM = G6HATL4S2M;
				ENABLE_PREVIEWS = YES;
				GENERATE_INFOPLIST_FILE = YES;
				INFOPLIST_KEY_UIApplicationSceneManifest_Generation = YES;
				INFOPLIST_KEY_UIApplicationSupportsIndirectInputEvents = YES;
				INFOPLIST_KEY_UILaunchScreen_Generation = YES;
				INFOPLIST_KEY_UISupportedInterfaceOrientations_iPad = "UIInterfaceOrientationPortrait UIInterfaceOrientationPortraitUpsideDown UIInterfaceOrientationLandscapeLeft UIInterfaceOrientationLandscapeRight";
				INFOPLIST_KEY_UISupportedInterfaceOrientations_iPhone = "UIInterfaceOrientationPortrait UIInterfaceOrientationLandscapeLeft UIInterfaceOrientationLandscapeRight";
				LD_RUNPATH_SEARCH_PATHS = (
					"$(inherited)",
					"@executable_path/Frameworks",
				);
				MARKETING_VERSION = 1.0;
				PRODUCT_BUNDLE_IDENTIFIER = br.com.santander.empresa.Landmarks;
				PRODUCT_NAME = "$(TARGET_NAME)";
				SWIFT_EMIT_LOC_STRINGS = YES;
				SWIFT_VERSION = 5.0;
				TARGETED_DEVICE_FAMILY = "1,2";
			};
			name = Release;
		};
/* End XCBuildConfiguration section */

/* Begin XCConfigurationList section */
		F8CB365E2A32494A00DEF77D /* Build configuration list for PBXProject "Landmarks" */ = {
			isa = XCConfigurationList;
			buildConfigurations = (
				F8CB366F2A32494C00DEF77D /* Debug */,
				F8CB36702A32494C00DEF77D /* Release */,
			);
			defaultConfigurationIsVisible = 0;
			defaultConfigurationName = Release;
		};
		F8CB36712A32494C00DEF77D /* Build configuration list for PBXNativeTarget "Landmarks" */ = {
			isa = XCConfigurationList;
			buildConfigurations = (
				F8CB36722A32494C00DEF77D /* Debug */,
				F8CB36732A32494C00DEF77D /* Release */,
			);
			defaultConfigurationIsVisible = 0;
			defaultConfigurationName = Release;
		};
/* End XCConfigurationList section */
	};
	rootObject = F8CB365B2A32494A00DEF77D /* Project object */;
}
